
Microsoft Visual Studio Solution File, Format Version 12.00
# Visual Studio 15
VisualStudioVersion = 15.0.27130.2027
MinimumVisualStudioVersion = 10.0.40219.1
Project("{FAE04EC0-301F-11D3-BF4B-00C04F79EFBC}") = "SampleApp.Web", "SampleApp.Web\SampleApp.Web.csproj", "{BE55B7B6-9B25-4661-9DAD-6D9CD11B8752}"
EndProject
Project("{FAE04EC0-301F-11D3-BF4B-00C04F79EFBC}") = "SampleApp.Data", "..\SampleApp.Data\SampleApp.Data.csproj", "{C4F5F7E5-E577-41DD-8B4C-E20A280DE414}"
EndProject
Global
	GlobalSection(SolutionConfigurationPlatforms) = preSolution
		Debug|Any CPU = Debug|Any CPU
		Release|Any CPU = Release|Any CPU
	EndGlobalSection
	GlobalSection(ProjectConfigurationPlatforms) = postSolution
		{BE55B7B6-9B25-4661-9DAD-6D9CD11B8752}.Debug|Any CPU.ActiveCfg = Debug|Any CPU
		{BE55B7B6-9B25-4661-9DAD-6D9CD11B8752}.Debug|Any CPU.Build.0 = Debug|Any CPU
		{BE55B7B6-9B25-4661-9DAD-6D9CD11B8752}.Release|Any CPU.ActiveCfg = Release|Any CPU
		{BE55B7B6-9B25-4661-9DAD-6D9CD11B8752}.Release|Any CPU.Build.0 = Release|Any CPU
		{C4F5F7E5-E577-41DD-8B4C-E20A280DE414}.Debug|Any CPU.ActiveCfg = Debug|Any CPU
		{C4F5F7E5-E577-41DD-8B4C-E20A280DE414}.Debug|Any CPU.Build.0 = Debug|Any CPU
		{C4F5F7E5-E577-41DD-8B4C-E20A280DE414}.Release|Any CPU.ActiveCfg = Release|Any CPU
		{C4F5F7E5-E577-41DD-8B4C-E20A280DE414}.Release|Any CPU.Build.0 = Release|Any CPU
	EndGlobalSection
	GlobalSection(SolutionProperties) = preSolution
		HideSolutionNode = FALSE
	EndGlobalSection
	GlobalSection(ExtensibilityGlobals) = postSolution
		SolutionGuid = {469A956A-C6EB-4D80-B623-D3889E97263D}
	EndGlobalSection
EndGlobal
